
Microsoft Visual Studio Solution File, Format Version 12.00
# Visual Studio Version 16
VisualStudioVersion = 16.0.30709.132
MinimumVisualStudioVersion = 15.0.26124.0
Project("{9A19103F-16F7-4668-BE54-9A1E7A4F7556}") = "CandidContributions.Web", "CandidContributions.Web\CandidContributions.Web.csproj", "{E04DE4CB-4552-4581-83F6-AFA2FDB4390D}"
EndProject
Project("{9A19103F-16F7-4668-BE54-9A1E7A4F7556}") = "CandidContributions.Core", "CandidContributions.Core\CandidContributions.Core.csproj", "{0BE62EBB-C88E-45E4-897E-991C4A21106B}"
EndProject
Project("{2150E333-8FDC-42A3-9474-1A3956D46DE8}") = "Solution Files", "Solution Files", "{72A2E39B-D1FA-4D91-9B06-8750F13A8E28}"
	ProjectSection(SolutionItems) = preProject
		..\.dockerignore = ..\.dockerignore
		..\.editorconfig = ..\.editorconfig
		..\.gitattributes = ..\.gitattributes
		..\.gitignore = ..\.gitignore
		..\.umbraco = ..\.umbraco
		..\NuGet.config = ..\NuGet.config
		..\Readme-Cloud.md = ..\Readme-Cloud.md
		..\Readme.md = ..\Readme.md
	EndProjectSection
EndProject
Global
	GlobalSection(SolutionConfigurationPlatforms) = preSolution
		Debug|Any CPU = Debug|Any CPU
		Debug|x64 = Debug|x64
		Debug|x86 = Debug|x86
		Release|Any CPU = Release|Any CPU
		Release|x64 = Release|x64
		Release|x86 = Release|x86
	EndGlobalSection
	GlobalSection(ProjectConfigurationPlatforms) = postSolution
		{E04DE4CB-4552-4581-83F6-AFA2FDB4390D}.Debug|Any CPU.ActiveCfg = Debug|Any CPU
		{E04DE4CB-4552-4581-83F6-AFA2FDB4390D}.Debug|Any CPU.Build.0 = Debug|Any CPU
		{E04DE4CB-4552-4581-83F6-AFA2FDB4390D}.Debug|x64.ActiveCfg = Debug|Any CPU
		{E04DE4CB-4552-4581-83F6-AFA2FDB4390D}.Debug|x64.Build.0 = Debug|Any CPU
		{E04DE4CB-4552-4581-83F6-AFA2FDB4390D}.Debug|x86.ActiveCfg = Debug|Any CPU
		{E04DE4CB-4552-4581-83F6-AFA2FDB4390D}.Debug|x86.Build.0 = Debug|Any CPU
		{E04DE4CB-4552-4581-83F6-AFA2FDB4390D}.Release|Any CPU.ActiveCfg = Release|Any CPU
		{E04DE4CB-4552-4581-83F6-AFA2FDB4390D}.Release|Any CPU.Build.0 = Release|Any CPU
		{E04DE4CB-4552-4581-83F6-AFA2FDB4390D}.Release|x64.ActiveCfg = Release|Any CPU
		{E04DE4CB-4552-4581-83F6-AFA2FDB4390D}.Release|x64.Build.0 = Release|Any CPU
		{E04DE4CB-4552-4581-83F6-AFA2FDB4390D}.Release|x86.ActiveCfg = Release|Any CPU
		{E04DE4CB-4552-4581-83F6-AFA2FDB4390D}.Release|x86.Build.0 = Release|Any CPU
		{0BE62EBB-C88E-45E4-897E-991C4A21106B}.Debug|Any CPU.ActiveCfg = Debug|Any CPU
		{0BE62EBB-C88E-45E4-897E-991C4A21106B}.Debug|Any CPU.Build.0 = Debug|Any CPU
		{0BE62EBB-C88E-45E4-897E-991C4A21106B}.Debug|x64.ActiveCfg = Debug|Any CPU
		{0BE62EBB-C88E-45E4-897E-991C4A21106B}.Debug|x64.Build.0 = Debug|Any CPU
		{0BE62EBB-C88E-45E4-897E-991C4A21106B}.Debug|x86.ActiveCfg = Debug|Any CPU
		{0BE62EBB-C88E-45E4-897E-991C4A21106B}.Debug|x86.Build.0 = Debug|Any CPU
		{0BE62EBB-C88E-45E4-897E-991C4A21106B}.Release|Any CPU.ActiveCfg = Release|Any CPU
		{0BE62EBB-C88E-45E4-897E-991C4A21106B}.Release|Any CPU.Build.0 = Release|Any CPU
		{0BE62EBB-C88E-45E4-897E-991C4A21106B}.Release|x64.ActiveCfg = Release|Any CPU
		{0BE62EBB-C88E-45E4-897E-991C4A21106B}.Release|x64.Build.0 = Release|Any CPU
		{0BE62EBB-C88E-45E4-897E-991C4A21106B}.Release|x86.ActiveCfg = Release|Any CPU
		{0BE62EBB-C88E-45E4-897E-991C4A21106B}.Release|x86.Build.0 = Release|Any CPU
	EndGlobalSection
	GlobalSection(SolutionProperties) = preSolution
		HideSolutionNode = FALSE
	EndGlobalSection
	GlobalSection(ExtensibilityGlobals) = postSolution
		SolutionGuid = {51E59BFA-2076-4DA7-97BB-0A40F2B434AD}
	EndGlobalSection
EndGlobal
